
Microsoft Visual Studio Solution File, Format Version 12.00
# Visual Studio Version 17
VisualStudioVersion = 17.3.32922.545
MinimumVisualStudioVersion = 10.0.40219.1
Project("{8BC9CEB8-8B4A-11D0-8D11-00A0C91BC942}") = "05Lab_Kucherenko", "05Lab_Kucherenko\05Lab_Kucherenko.vcxproj", "{265CEFFF-524C-483E-9A57-6649AB194AF8}"
EndProject
Global
	GlobalSection(SolutionConfigurationPlatforms) = preSolution
		Debug|x64 = Debug|x64
		Debug|x86 = Debug|x86
		Release|x64 = Release|x64
		Release|x86 = Release|x86
	EndGlobalSection
	GlobalSection(ProjectConfigurationPlatforms) = postSolution
		{265CEFFF-524C-483E-9A57-6649AB194AF8}.Debug|x64.ActiveCfg = Debug|x64
		{265CEFFF-524C-483E-9A57-6649AB194AF8}.Debug|x64.Build.0 = Debug|x64
		{265CEFFF-524C-483E-9A57-6649AB194AF8}.Debug|x86.ActiveCfg = Debug|Win32
		{265CEFFF-524C-483E-9A57-6649AB194AF8}.Debug|x86.Build.0 = Debug|Win32
		{265CEFFF-524C-483E-9A57-6649AB194AF8}.Release|x64.ActiveCfg = Release|x64
		{265CEFFF-524C-483E-9A57-6649AB194AF8}.Release|x64.Build.0 = Release|x64
		{265CEFFF-524C-483E-9A57-6649AB194AF8}.Release|x86.ActiveCfg = Release|Win32
		{265CEFFF-524C-483E-9A57-6649AB194AF8}.Release|x86.Build.0 = Release|Win32
	EndGlobalSection
	GlobalSection(SolutionProperties) = preSolution
		HideSolutionNode = FALSE
	EndGlobalSection
	GlobalSection(ExtensibilityGlobals) = postSolution
		SolutionGuid = {FA6934D3-070F-468B-8EEC-E81F32777663}
	EndGlobalSection
EndGlobal
