
Microsoft Visual Studio Solution File, Format Version 12.00
# Visual Studio Version 17
VisualStudioVersion = 17.3.32922.545
MinimumVisualStudioVersion = 10.0.40219.1
Project("{8BC9CEB8-8B4A-11D0-8D11-00A0C91BC942}") = "03Pract", "03Pract\03Pract.vcxproj", "{35F9F2E6-DFFD-440F-992E-189A96D820D8}"
EndProject
Global
	GlobalSection(SolutionConfigurationPlatforms) = preSolution
		Debug|x64 = Debug|x64
		Debug|x86 = Debug|x86
		Release|x64 = Release|x64
		Release|x86 = Release|x86
	EndGlobalSection
	GlobalSection(ProjectConfigurationPlatforms) = postSolution
		{35F9F2E6-DFFD-440F-992E-189A96D820D8}.Debug|x64.ActiveCfg = Debug|x64
		{35F9F2E6-DFFD-440F-992E-189A96D820D8}.Debug|x64.Build.0 = Debug|x64
		{35F9F2E6-DFFD-440F-992E-189A96D820D8}.Debug|x86.ActiveCfg = Debug|Win32
		{35F9F2E6-DFFD-440F-992E-189A96D820D8}.Debug|x86.Build.0 = Debug|Win32
		{35F9F2E6-DFFD-440F-992E-189A96D820D8}.Release|x64.ActiveCfg = Release|x64
		{35F9F2E6-DFFD-440F-992E-189A96D820D8}.Release|x64.Build.0 = Release|x64
		{35F9F2E6-DFFD-440F-992E-189A96D820D8}.Release|x86.ActiveCfg = Release|Win32
		{35F9F2E6-DFFD-440F-992E-189A96D820D8}.Release|x86.Build.0 = Release|Win32
	EndGlobalSection
	GlobalSection(SolutionProperties) = preSolution
		HideSolutionNode = FALSE
	EndGlobalSection
	GlobalSection(ExtensibilityGlobals) = postSolution
		SolutionGuid = {36B1F8C8-4769-4CA1-95A0-353E02698AEB}
	EndGlobalSection
EndGlobal
